
Microsoft Visual Studio Solution File, Format Version 12.00
# Visual Studio 14
VisualStudioVersion = 14.0.23107.0
MinimumVisualStudioVersion = 10.0.40219.1
Project("{FAE04EC0-301F-11D3-BF4B-00C04F79EFBC}") = "MappingHakAkses.View", "MappingHakAkses.View\MappingHakAkses.View.csproj", "{BECD8963-E004-4CDE-845E-C2E7F5FCAEE0}"
EndProject
Project("{FAE04EC0-301F-11D3-BF4B-00C04F79EFBC}") = "MappingHakAkses.Model", "MappingHakAkses.Model\MappingHakAkses.Model.csproj", "{815AD305-301D-4DE7-9F17-D157E7F33687}"
EndProject
Project("{FAE04EC0-301F-11D3-BF4B-00C04F79EFBC}") = "MappingHakAkses.Controller", "MappingHakAkses.Controller\MappingHakAkses.Controller.csproj", "{C12E096E-6C06-424B-A77C-7CD8B2D65A97}"
EndProject
Global
	GlobalSection(SolutionConfigurationPlatforms) = preSolution
		Debug|Any CPU = Debug|Any CPU
		Release|Any CPU = Release|Any CPU
	EndGlobalSection
	GlobalSection(ProjectConfigurationPlatforms) = postSolution
		{BECD8963-E004-4CDE-845E-C2E7F5FCAEE0}.Debug|Any CPU.ActiveCfg = Debug|Any CPU
		{BECD8963-E004-4CDE-845E-C2E7F5FCAEE0}.Debug|Any CPU.Build.0 = Debug|Any CPU
		{BECD8963-E004-4CDE-845E-C2E7F5FCAEE0}.Release|Any CPU.ActiveCfg = Release|Any CPU
		{BECD8963-E004-4CDE-845E-C2E7F5FCAEE0}.Release|Any CPU.Build.0 = Release|Any CPU
		{815AD305-301D-4DE7-9F17-D157E7F33687}.Debug|Any CPU.ActiveCfg = Debug|Any CPU
		{815AD305-301D-4DE7-9F17-D157E7F33687}.Debug|Any CPU.Build.0 = Debug|Any CPU
		{815AD305-301D-4DE7-9F17-D157E7F33687}.Release|Any CPU.ActiveCfg = Release|Any CPU
		{815AD305-301D-4DE7-9F17-D157E7F33687}.Release|Any CPU.Build.0 = Release|Any CPU
		{C12E096E-6C06-424B-A77C-7CD8B2D65A97}.Debug|Any CPU.ActiveCfg = Debug|Any CPU
		{C12E096E-6C06-424B-A77C-7CD8B2D65A97}.Debug|Any CPU.Build.0 = Debug|Any CPU
		{C12E096E-6C06-424B-A77C-7CD8B2D65A97}.Release|Any CPU.ActiveCfg = Release|Any CPU
		{C12E096E-6C06-424B-A77C-7CD8B2D65A97}.Release|Any CPU.Build.0 = Release|Any CPU
	EndGlobalSection
	GlobalSection(SolutionProperties) = preSolution
		HideSolutionNode = FALSE
	EndGlobalSection
EndGlobal
